
Microsoft Visual Studio Solution File, Format Version 12.00
Project("{FAE04EC0-301F-11D3-BF4B-00C04F79EFBC}") = "FitnessTracker.Api", "FitnessTracker.Api\FitnessTracker.Api.csproj", "{44C29845-1EEF-436F-8336-B33845D84A5A}"
EndProject
Global
	GlobalSection(SolutionConfigurationPlatforms) = preSolution
		Debug|Any CPU = Debug|Any CPU
		Release|Any CPU = Release|Any CPU
	EndGlobalSection
	GlobalSection(ProjectConfigurationPlatforms) = postSolution
		{44C29845-1EEF-436F-8336-B33845D84A5A}.Debug|Any CPU.ActiveCfg = Debug|Any CPU
		{44C29845-1EEF-436F-8336-B33845D84A5A}.Debug|Any CPU.Build.0 = Debug|Any CPU
		{44C29845-1EEF-436F-8336-B33845D84A5A}.Release|Any CPU.ActiveCfg = Release|Any CPU
		{44C29845-1EEF-436F-8336-B33845D84A5A}.Release|Any CPU.Build.0 = Release|Any CPU
	EndGlobalSection
EndGlobal
